// !$*UTF8*$!
{
	archiveVersion = 1;
	classes = {
	};
	objectVersion = 46;
	objects = {

/* Begin PBXBuildFile section */
		8ACC027F1E08F1E300E1E030 /* AppDelegate.swift in Sources */ = {isa = PBXBuildFile; fileRef = 8ACC027E1E08F1E300E1E030 /* AppDelegate.swift */; };
		8ACC02811E08F1E300E1E030 /* ViewController.swift in Sources */ = {isa = PBXBuildFile; fileRef = 8ACC02801E08F1E300E1E030 /* ViewController.swift */; };
		8ACC02841E08F1E300E1E030 /* Main.storyboard in Resources */ = {isa = PBXBuildFile; fileRef = 8ACC02821E08F1E300E1E030 /* Main.storyboard */; };
		8ACC02861E08F1E300E1E030 /* Assets.xcassets in Resources */ = {isa = PBXBuildFile; fileRef = 8ACC02851E08F1E300E1E030 /* Assets.xcassets */; };
		8ACC02891E08F1E300E1E030 /* LaunchScreen.storyboard in Resources */ = {isa = PBXBuildFile; fileRef = 8ACC02871E08F1E300E1E030 /* LaunchScreen.storyboard */; };
		8ACC02911E08F57400E1E030 /* ItemsViewController.swift in Sources */ = {isa = PBXBuildFile; fileRef = 8ACC02901E08F57400E1E030 /* ItemsViewController.swift */; };
		8ACC02931E08F8E500E1E030 /* ItemsCollectionViewCell.swift in Sources */ = {isa = PBXBuildFile; fileRef = 8ACC02921E08F8E500E1E030 /* ItemsCollectionViewCell.swift */; };
		8ACC02951E0C999800E1E030 /* AchatViewController.swift in Sources */ = {isa = PBXBuildFile; fileRef = 8ACC02941E0C999800E1E030 /* AchatViewController.swift */; };
/* End PBXBuildFile section */

/* Begin PBXFileReference section */
		8ACC027B1E08F1E300E1E030 /* Wenze.app */ = {isa = PBXFileReference; explicitFileType = wrapper.application; includeInIndex = 0; path = Wenze.app; sourceTree = BUILT_PRODUCTS_DIR; };
		8ACC027E1E08F1E300E1E030 /* AppDelegate.swift */ = {isa = PBXFileReference; lastKnownFileType = sourcecode.swift; path = AppDelegate.swift; sourceTree = "<group>"; };
		8ACC02801E08F1E300E1E030 /* ViewController.swift */ = {isa = PBXFileReference; lastKnownFileType = sourcecode.swift; path = ViewController.swift; sourceTree = "<group>"; };
		8ACC02831E08F1E300E1E030 /* Base */ = {isa = PBXFileReference; lastKnownFileType = file.storyboard; name = Base; path = Base.lproj/Main.storyboard; sourceTree = "<group>"; };
		8ACC02851E08F1E300E1E030 /* Assets.xcassets */ = {isa = PBXFileReference; lastKnownFileType = folder.assetcatalog; path = Assets.xcassets; sourceTree = "<group>"; };
		8ACC02881E08F1E300E1E030 /* Base */ = {isa = PBXFileReference; lastKnownFileType = file.storyboard; name = Base; path = Base.lproj/LaunchScreen.storyboard; sourceTree = "<group>"; };
		8ACC028A1E08F1E300E1E030 /* Info.plist */ = {isa = PBXFileReference; lastKnownFileType = text.plist.xml; path = Info.plist; sourceTree = "<group>"; };
		8ACC02901E08F57400E1E030 /* ItemsViewController.swift */ = {isa = PBXFileReference; fileEncoding = 4; lastKnownFileType = sourcecode.swift; path = ItemsViewController.swift; sourceTree = "<group>"; };
		8ACC02921E08F8E500E1E030 /* ItemsCollectionViewCell.swift */ = {isa = PBXFileReference; fileEncoding = 4; lastKnownFileType = sourcecode.swift; path = ItemsCollectionViewCell.swift; sourceTree = "<group>"; };
		8ACC02941E0C999800E1E030 /* AchatViewController.swift */ = {isa = PBXFileReference; fileEncoding = 4; lastKnownFileType = sourcecode.swift; path = AchatViewController.swift; sourceTree = "<group>"; };
/* End PBXFileReference section */

/* Begin PBXFrameworksBuildPhase section */
		8ACC02781E08F1E300E1E030 /* Frameworks */ = {
			isa = PBXFrameworksBuildPhase;
			buildActionMask = 2147483647;
			files = (
			);
			runOnlyForDeploymentPostprocessing = 0;
		};
/* End PBXFrameworksBuildPhase section */

/* Begin PBXGroup section */
		8ACC02721E08F1E200E1E030 = {
			isa = PBXGroup;
			children = (
				8ACC027D1E08F1E300E1E030 /* Wenze */,
				8ACC027C1E08F1E300E1E030 /* Products */,
			);
			sourceTree = "<group>";
		};
		8ACC027C1E08F1E300E1E030 /* Products */ = {
			isa = PBXGroup;
			children = (
				8ACC027B1E08F1E300E1E030 /* Wenze.app */,
			);
			name = Products;
			sourceTree = "<group>";
		};
		8ACC027D1E08F1E300E1E030 /* Wenze */ = {
			isa = PBXGroup;
			children = (
				8ACC027E1E08F1E300E1E030 /* AppDelegate.swift */,
				8ACC02801E08F1E300E1E030 /* ViewController.swift */,
				8ACC02821E08F1E300E1E030 /* Main.storyboard */,
				8ACC02941E0C999800E1E030 /* AchatViewController.swift */,
				8ACC02901E08F57400E1E030 /* ItemsViewController.swift */,
				8ACC02921E08F8E500E1E030 /* ItemsCollectionViewCell.swift */,
				8ACC02851E08F1E300E1E030 /* Assets.xcassets */,
				8ACC02871E08F1E300E1E030 /* LaunchScreen.storyboard */,
				8ACC028A1E08F1E300E1E030 /* Info.plist */,
			);
			path = Wenze;
			sourceTree = "<group>";
		};
/* End PBXGroup section */

/* Begin PBXNativeTarget section */
		8ACC027A1E08F1E300E1E030 /* Wenze */ = {
			isa = PBXNativeTarget;
			buildConfigurationList = 8ACC028D1E08F1E300E1E030 /* Build configuration list for PBXNativeTarget "Wenze" */;
			buildPhases = (
				8ACC02771E08F1E300E1E030 /* Sources */,
				8ACC02781E08F1E300E1E030 /* Frameworks */,
				8ACC02791E08F1E300E1E030 /* Resources */,
			);
			buildRules = (
			);
			dependencies = (
			);
			name = Wenze;
			productName = Wenze;
			productReference = 8ACC027B1E08F1E300E1E030 /* Wenze.app */;
			productType = "com.apple.product-type.application";
		};
/* End PBXNativeTarget section */

/* Begin PBXProject section */
		8ACC02731E08F1E200E1E030 /* Project object */ = {
			isa = PBXProject;
			attributes = {
				LastSwiftUpdateCheck = 0730;
				LastUpgradeCheck = 0730;
				ORGANIZATIONNAME = "Lena Ngungu";
				TargetAttributes = {
					8ACC027A1E08F1E300E1E030 = {
						CreatedOnToolsVersion = 7.3.1;
					};
				};
			};
			buildConfigurationList = 8ACC02761E08F1E300E1E030 /* Build configuration list for PBXProject "Wenze" */;
			compatibilityVersion = "Xcode 3.2";
			developmentRegion = English;
			hasScannedForEncodings = 0;
			knownRegions = (
				en,
				Base,
			);
			mainGroup = 8ACC02721E08F1E200E1E030;
			productRefGroup = 8ACC027C1E08F1E300E1E030 /* Products */;
			projectDirPath = "";
			projectRoot = "";
			targets = (
				8ACC027A1E08F1E300E1E030 /* Wenze */,
			);
		};
/* End PBXProject section */

/* Begin PBXResourcesBuildPhase section */
		8ACC02791E08F1E300E1E030 /* Resources */ = {
			isa = PBXResourcesBuildPhase;
			buildActionMask = 2147483647;
			files = (
				8ACC02891E08F1E300E1E030 /* LaunchScreen.storyboard in Resources */,
				8ACC02861E08F1E300E1E030 /* Assets.xcassets in Resources */,
				8ACC02841E08F1E300E1E030 /* Main.storyboard in Resources */,
			);
			runOnlyForDeploymentPostprocessing = 0;
		};
/* End PBXResourcesBuildPhase section */

/* Begin PBXSourcesBuildPhase section */
		8ACC02771E08F1E300E1E030 /* Sources */ = {
			isa = PBXSourcesBuildPhase;
			buildActionMask = 2147483647;
			files = (
				8ACC02951E0C999800E1E030 /* AchatViewController.swift in Sources */,
				8ACC02811E08F1E300E1E030 /* ViewController.swift in Sources */,
				8ACC02931E08F8E500E1E030 /* ItemsCollectionViewCell.swift in Sources */,
				8ACC02911E08F57400E1E030 /* ItemsViewController.swift in Sources */,
				8ACC027F1E08F1E300E1E030 /* AppDelegate.swift in Sources */,
			);
			runOnlyForDeploymentPostprocessing = 0;
		};
/* End PBXSourcesBuildPhase section */

/* Begin PBXVariantGroup section */
		8ACC02821E08F1E300E1E030 /* Main.storyboard */ = {
			isa = PBXVariantGroup;
			children = (
				8ACC02831E08F1E300E1E030 /* Base */,
			);
			name = Main.storyboard;
			sourceTree = "<group>";
		};
		8ACC02871E08F1E300E1E030 /* LaunchScreen.storyboard */ = {
			isa = PBXVariantGroup;
			children = (
				8ACC02881E08F1E300E1E030 /* Base */,
			);
			name = LaunchScreen.storyboard;
			sourceTree = "<group>";
		};
/* End PBXVariantGroup section */

/* Begin XCBuildConfiguration section */
		8ACC028B1E08F1E300E1E030 /* Debug */ = {
			isa = XCBuildConfiguration;
			buildSettings = {
				ALWAYS_SEARCH_USER_PATHS = NO;
				CLANG_ANALYZER_NONNULL = YES;
				CLANG_CXX_LANGUAGE_STANDARD = "gnu++0x";
				CLANG_CXX_LIBRARY = "libc++";
				CLANG_ENABLE_MODULES = YES;
				CLANG_ENABLE_OBJC_ARC = YES;
				CLANG_WARN_BOOL_CONVERSION = YES;
				CLANG_WARN_CONSTANT_CONVERSION = YES;
				CLANG_WARN_DIRECT_OBJC_ISA_USAGE = YES_ERROR;
				CLANG_WARN_EMPTY_BODY = YES;
				CLANG_WARN_ENUM_CONVERSION = YES;
				CLANG_WARN_INT_CONVERSION = YES;
				CLANG_WARN_OBJC_ROOT_CLASS = YES_ERROR;
				CLANG_WARN_UNREACHABLE_CODE = YES;
				CLANG_WARN__DUPLICATE_METHOD_MATCH = YES;
				"CODE_SIGN_IDENTITY[sdk=iphoneos*]" = "iPhone Developer";
				COPY_PHASE_STRIP = NO;
				DEBUG_INFORMATION_FORMAT = dwarf;
				ENABLE_STRICT_OBJC_MSGSEND = YES;
				ENABLE_TESTABILITY = YES;
				GCC_C_LANGUAGE_STANDARD = gnu99;
				GCC_DYNAMIC_NO_PIC = NO;
				GCC_NO_COMMON_BLOCKS = YES;
				GCC_OPTIMIZATION_LEVEL = 0;
				GCC_PREPROCESSOR_DEFINITIONS = (
					"DEBUG=1",
					"$(inherited)",
				);
				GCC_WARN_64_TO_32_BIT_CONVERSION = YES;
				GCC_WARN_ABOUT_RETURN_TYPE = YES_ERROR;
				GCC_WARN_UNDECLARED_SELECTOR = YES;
				GCC_WARN_UNINITIALIZED_AUTOS = YES_AGGRESSIVE;
				GCC_WARN_UNUSED_FUNCTION = YES;
				GCC_WARN_UNUSED_VARIABLE = YES;
				IPHONEOS_DEPLOYMENT_TARGET = 9.3;
				MTL_ENABLE_DEBUG_INFO = YES;
				ONLY_ACTIVE_ARCH = YES;
				SDKROOT = iphoneos;
				SWIFT_OPTIMIZATION_LEVEL = "-Onone";
			};
			name = Debug;
		};
		8ACC028C1E08F1E300E1E030 /* Release */ = {
			isa = XCBuildConfiguration;
			buildSettings = {
				ALWAYS_SEARCH_USER_PATHS = NO;
				CLANG_ANALYZER_NONNULL = YES;
				CLANG_CXX_LANGUAGE_STANDARD = "gnu++0x";
				CLANG_CXX_LIBRARY = "libc++";
				CLANG_ENABLE_MODULES = YES;
				CLANG_ENABLE_OBJC_ARC = YES;
				CLANG_WARN_BOOL_CONVERSION = YES;
				CLANG_WARN_CONSTANT_CONVERSION = YES;
				CLANG_WARN_DIRECT_OBJC_ISA_USAGE = YES_ERROR;
				CLANG_WARN_EMPTY_BODY = YES;
				CLANG_WARN_ENUM_CONVERSION = YES;
				CLANG_WARN_INT_CONVERSION = YES;
				CLANG_WARN_OBJC_ROOT_CLASS = YES_ERROR;
				CLANG_WARN_UNREACHABLE_CODE = YES;
				CLANG_WARN__DUPLICATE_METHOD_MATCH = YES;
				"CODE_SIGN_IDENTITY[sdk=iphoneos*]" = "iPhone Developer";
				COPY_PHASE_STRIP = NO;
				DEBUG_INFORMATION_FORMAT = "dwarf-with-dsym";
				ENABLE_NS_ASSERTIONS = NO;
				ENABLE_STRICT_OBJC_MSGSEND = YES;
				GCC_C_LANGUAGE_STANDARD = gnu99;
				GCC_NO_COMMON_BLOCKS = YES;
				GCC_WARN_64_TO_32_BIT_CONVERSION = YES;
				GCC_WARN_ABOUT_RETURN_TYPE = YES_ERROR;
				GCC_WARN_UNDECLARED_SELECTOR = YES;
				GCC_WARN_UNINITIALIZED_AUTOS = YES_AGGRESSIVE;
				GCC_WARN_UNUSED_FUNCTION = YES;
				GCC_WARN_UNUSED_VARIABLE = YES;
				IPHONEOS_DEPLOYMENT_TARGET = 9.3;
				MTL_ENABLE_DEBUG_INFO = NO;
				SDKROOT = iphoneos;
				VALIDATE_PRODUCT = YES;
			};
			name = Release;
		};
		8ACC028E1E08F1E300E1E030 /* Debug */ = {
			isa = XCBuildConfiguration;
			buildSettings = {
				ASSETCATALOG_COMPILER_APPICON_NAME = AppIcon;
				INFOPLIST_FILE = Wenze/Info.plist;
				LD_RUNPATH_SEARCH_PATHS = "$(inherited) @executable_path/Frameworks";
				PRODUCT_BUNDLE_IDENTIFIER = com.lenangungu.Wenze;
				PRODUCT_NAME = "$(TARGET_NAME)";
			};
			name = Debug;
		};
		8ACC028F1E08F1E300E1E030 /* Release */ = {
			isa = XCBuildConfiguration;
			buildSettings = {
				ASSETCATALOG_COMPILER_APPICON_NAME = AppIcon;
				INFOPLIST_FILE = Wenze/Info.plist;
				LD_RUNPATH_SEARCH_PATHS = "$(inherited) @executable_path/Frameworks";
				PRODUCT_BUNDLE_IDENTIFIER = com.lenangungu.Wenze;
				PRODUCT_NAME = "$(TARGET_NAME)";
			};
			name = Release;
		};
/* End XCBuildConfiguration section */

/* Begin XCConfigurationList section */
		8ACC02761E08F1E300E1E030 /* Build configuration list for PBXProject "Wenze" */ = {
			isa = XCConfigurationList;
			buildConfigurations = (
				8ACC028B1E08F1E300E1E030 /* Debug */,
				8ACC028C1E08F1E300E1E030 /* Release */,
			);
			defaultConfigurationIsVisible = 0;
			defaultConfigurationName = Release;
		};
		8ACC028D1E08F1E300E1E030 /* Build configuration list for PBXNativeTarget "Wenze" */ = {
			isa = XCConfigurationList;
			buildConfigurations = (
				8ACC028E1E08F1E300E1E030 /* Debug */,
				8ACC028F1E08F1E300E1E030 /* Release */,
			);
			defaultConfigurationIsVisible = 0;
		};
/* End XCConfigurationList section */
	};
	rootObject = 8ACC02731E08F1E200E1E030 /* Project object */;
}
